
Microsoft Visual Studio Solution File, Format Version 12.00
# Visual Studio Version 17
VisualStudioVersion = 17.0.32126.317
MinimumVisualStudioVersion = 10.0.40219.1
Project("{9A19103F-16F7-4668-BE54-9A1E7A4F7556}") = "GUIAssignment2", "AWGUIAssignment2\GUIAssignment2.csproj", "{471D8866-0ED3-4037-BEAE-BEBA1057014F}"
EndProject
Global
	GlobalSection(SolutionConfigurationPlatforms) = preSolution
		Debug|Any CPU = Debug|Any CPU
		Release|Any CPU = Release|Any CPU
	EndGlobalSection
	GlobalSection(ProjectConfigurationPlatforms) = postSolution
		{471D8866-0ED3-4037-BEAE-BEBA1057014F}.Debug|Any CPU.ActiveCfg = Debug|Any CPU
		{471D8866-0ED3-4037-BEAE-BEBA1057014F}.Debug|Any CPU.Build.0 = Debug|Any CPU
		{471D8866-0ED3-4037-BEAE-BEBA1057014F}.Release|Any CPU.ActiveCfg = Release|Any CPU
		{471D8866-0ED3-4037-BEAE-BEBA1057014F}.Release|Any CPU.Build.0 = Release|Any CPU
	EndGlobalSection
	GlobalSection(SolutionProperties) = preSolution
		HideSolutionNode = FALSE
	EndGlobalSection
	GlobalSection(ExtensibilityGlobals) = postSolution
		SolutionGuid = {2A482CC8-642D-4F69-851E-14FAF540C9A7}
	EndGlobalSection
EndGlobal
